
Microsoft Visual Studio Solution File, Format Version 12.00
# Visual Studio Version 17
VisualStudioVersion = 17.5.33502.453
MinimumVisualStudioVersion = 10.0.40219.1
Project("{9A19103F-16F7-4668-BE54-9A1E7A4F7556}") = "WebTechAss", "WebTechAss\WebTechAss.csproj", "{8A54C496-EA20-4D92-A6AA-FFE2194E4EF4}"
EndProject
Project("{00D1A9C2-B5F0-4AF3-8072-F6C62B433612}") = "autismDB", "autismDB\autismDB.sqlproj", "{0E2A1BF4-36CD-4D47-9B13-3A3DEF19FF46}"
EndProject
Project("{9A19103F-16F7-4668-BE54-9A1E7A4F7556}") = "admin panel", "admin panel\admin panel.csproj", "{F4EBFE14-A288-48E4-922A-866AE9C0D34B}"
EndProject
Project("{FAE04EC0-301F-11D3-BF4B-00C04F79EFBC}") = "WebTech.Shared", "WebTech.Shared\WebTech.Shared.csproj", "{6F8B0CD2-B7E7-4D8C-9205-635393BBB753}"
EndProject
Global
	GlobalSection(SolutionConfigurationPlatforms) = preSolution
		Debug|Any CPU = Debug|Any CPU
		Release|Any CPU = Release|Any CPU
	EndGlobalSection
	GlobalSection(ProjectConfigurationPlatforms) = postSolution
		{8A54C496-EA20-4D92-A6AA-FFE2194E4EF4}.Debug|Any CPU.ActiveCfg = Debug|Any CPU
		{8A54C496-EA20-4D92-A6AA-FFE2194E4EF4}.Debug|Any CPU.Build.0 = Debug|Any CPU
		{8A54C496-EA20-4D92-A6AA-FFE2194E4EF4}.Release|Any CPU.ActiveCfg = Release|Any CPU
		{8A54C496-EA20-4D92-A6AA-FFE2194E4EF4}.Release|Any CPU.Build.0 = Release|Any CPU
		{0E2A1BF4-36CD-4D47-9B13-3A3DEF19FF46}.Debug|Any CPU.ActiveCfg = Debug|Any CPU
		{0E2A1BF4-36CD-4D47-9B13-3A3DEF19FF46}.Debug|Any CPU.Build.0 = Debug|Any CPU
		{0E2A1BF4-36CD-4D47-9B13-3A3DEF19FF46}.Debug|Any CPU.Deploy.0 = Debug|Any CPU
		{0E2A1BF4-36CD-4D47-9B13-3A3DEF19FF46}.Release|Any CPU.ActiveCfg = Release|Any CPU
		{0E2A1BF4-36CD-4D47-9B13-3A3DEF19FF46}.Release|Any CPU.Build.0 = Release|Any CPU
		{0E2A1BF4-36CD-4D47-9B13-3A3DEF19FF46}.Release|Any CPU.Deploy.0 = Release|Any CPU
		{F4EBFE14-A288-48E4-922A-866AE9C0D34B}.Debug|Any CPU.ActiveCfg = Debug|Any CPU
		{F4EBFE14-A288-48E4-922A-866AE9C0D34B}.Debug|Any CPU.Build.0 = Debug|Any CPU
		{F4EBFE14-A288-48E4-922A-866AE9C0D34B}.Release|Any CPU.ActiveCfg = Release|Any CPU
		{F4EBFE14-A288-48E4-922A-866AE9C0D34B}.Release|Any CPU.Build.0 = Release|Any CPU
		{6F8B0CD2-B7E7-4D8C-9205-635393BBB753}.Debug|Any CPU.ActiveCfg = Debug|Any CPU
		{6F8B0CD2-B7E7-4D8C-9205-635393BBB753}.Debug|Any CPU.Build.0 = Debug|Any CPU
		{6F8B0CD2-B7E7-4D8C-9205-635393BBB753}.Release|Any CPU.ActiveCfg = Release|Any CPU
		{6F8B0CD2-B7E7-4D8C-9205-635393BBB753}.Release|Any CPU.Build.0 = Release|Any CPU
	EndGlobalSection
	GlobalSection(SolutionProperties) = preSolution
		HideSolutionNode = FALSE
	EndGlobalSection
	GlobalSection(ExtensibilityGlobals) = postSolution
		SolutionGuid = {236A6A0D-E1BE-4B9A-A0FB-54DD589396B8}
	EndGlobalSection
EndGlobal
